
Microsoft Visual Studio Solution File, Format Version 12.00
# Visual Studio Version 17
VisualStudioVersion = 17.0.31903.59
MinimumVisualStudioVersion = 10.0.40219.1
Project("{2150E333-8FDC-42A3-9474-1A3956D46DE8}") = "src", "src", "{BC307C00-966D-4E64-A1A3-DD7F5D77DB30}"
EndProject
Project("{FAE04EC0-301F-11D3-BF4B-00C04F79EFBC}") = "RabbitMQ.Shared", "src\RabbitMQ.Shared\RabbitMQ.Shared.csproj", "{C091E880-763B-475D-8EB4-DAFB6FBD6F78}"
EndProject
Project("{FAE04EC0-301F-11D3-BF4B-00C04F79EFBC}") = "RabbitMQ.Producer", "src\RabbitMQ.Producer\RabbitMQ.Producer.csproj", "{3FB2B55C-4682-459E-A46F-7D3C5FCF6AB0}"
EndProject
Project("{FAE04EC0-301F-11D3-BF4B-00C04F79EFBC}") = "RabbitMQ.Consumer", "src\RabbitMQ.Consumer\RabbitMQ.Consumer.csproj", "{730C0D5B-4815-47C0-8B59-80D3429A6EA9}"
EndProject
Global
	GlobalSection(SolutionConfigurationPlatforms) = preSolution
		Debug|Any CPU = Debug|Any CPU
		Release|Any CPU = Release|Any CPU
	EndGlobalSection
	GlobalSection(SolutionProperties) = preSolution
		HideSolutionNode = FALSE
	EndGlobalSection
	GlobalSection(ProjectConfigurationPlatforms) = postSolution
		{C091E880-763B-475D-8EB4-DAFB6FBD6F78}.Debug|Any CPU.ActiveCfg = Debug|Any CPU
		{C091E880-763B-475D-8EB4-DAFB6FBD6F78}.Debug|Any CPU.Build.0 = Debug|Any CPU
		{C091E880-763B-475D-8EB4-DAFB6FBD6F78}.Release|Any CPU.ActiveCfg = Release|Any CPU
		{C091E880-763B-475D-8EB4-DAFB6FBD6F78}.Release|Any CPU.Build.0 = Release|Any CPU
		{3FB2B55C-4682-459E-A46F-7D3C5FCF6AB0}.Debug|Any CPU.ActiveCfg = Debug|Any CPU
		{3FB2B55C-4682-459E-A46F-7D3C5FCF6AB0}.Debug|Any CPU.Build.0 = Debug|Any CPU
		{3FB2B55C-4682-459E-A46F-7D3C5FCF6AB0}.Release|Any CPU.ActiveCfg = Release|Any CPU
		{3FB2B55C-4682-459E-A46F-7D3C5FCF6AB0}.Release|Any CPU.Build.0 = Release|Any CPU
		{730C0D5B-4815-47C0-8B59-80D3429A6EA9}.Debug|Any CPU.ActiveCfg = Debug|Any CPU
		{730C0D5B-4815-47C0-8B59-80D3429A6EA9}.Debug|Any CPU.Build.0 = Debug|Any CPU
		{730C0D5B-4815-47C0-8B59-80D3429A6EA9}.Release|Any CPU.ActiveCfg = Release|Any CPU
		{730C0D5B-4815-47C0-8B59-80D3429A6EA9}.Release|Any CPU.Build.0 = Release|Any CPU
	EndGlobalSection
	GlobalSection(NestedProjects) = preSolution
		{C091E880-763B-475D-8EB4-DAFB6FBD6F78} = {BC307C00-966D-4E64-A1A3-DD7F5D77DB30}
		{3FB2B55C-4682-459E-A46F-7D3C5FCF6AB0} = {BC307C00-966D-4E64-A1A3-DD7F5D77DB30}
		{730C0D5B-4815-47C0-8B59-80D3429A6EA9} = {BC307C00-966D-4E64-A1A3-DD7F5D77DB30}
	EndGlobalSection
EndGlobal
